
Microsoft Visual Studio Solution File, Format Version 12.00
# Visual Studio 2013
VisualStudioVersion = 12.0.21005.1
MinimumVisualStudioVersion = 10.0.40219.1
Project("{FAE04EC0-301F-11D3-BF4B-00C04F79EFBC}") = "Notifier", "Notifier\Notifier.csproj", "{6FE41D33-0785-41C6-B1F5-255EBBDD200F}"
EndProject
Project("{FAE04EC0-301F-11D3-BF4B-00C04F79EFBC}") = "MyAddressBook", "AddressBook\MyAddressBook.csproj", "{1E356005-21B5-4904-9B43-83AE18EB0DA8}"
EndProject
Project("{FAE04EC0-301F-11D3-BF4B-00C04F79EFBC}") = "MyLogger", "MyLogger\MyLogger.csproj", "{292A53B0-335E-4A78-8AED-C80B05944A4D}"
EndProject
Global
	GlobalSection(SolutionConfigurationPlatforms) = preSolution
		Debug|Any CPU = Debug|Any CPU
		Release|Any CPU = Release|Any CPU
	EndGlobalSection
	GlobalSection(ProjectConfigurationPlatforms) = postSolution
		{6FE41D33-0785-41C6-B1F5-255EBBDD200F}.Debug|Any CPU.ActiveCfg = Debug|Any CPU
		{6FE41D33-0785-41C6-B1F5-255EBBDD200F}.Debug|Any CPU.Build.0 = Debug|Any CPU
		{6FE41D33-0785-41C6-B1F5-255EBBDD200F}.Release|Any CPU.ActiveCfg = Release|Any CPU
		{6FE41D33-0785-41C6-B1F5-255EBBDD200F}.Release|Any CPU.Build.0 = Release|Any CPU
		{1E356005-21B5-4904-9B43-83AE18EB0DA8}.Debug|Any CPU.ActiveCfg = Debug|Any CPU
		{1E356005-21B5-4904-9B43-83AE18EB0DA8}.Debug|Any CPU.Build.0 = Debug|Any CPU
		{1E356005-21B5-4904-9B43-83AE18EB0DA8}.Release|Any CPU.ActiveCfg = Release|Any CPU
		{1E356005-21B5-4904-9B43-83AE18EB0DA8}.Release|Any CPU.Build.0 = Release|Any CPU
		{292A53B0-335E-4A78-8AED-C80B05944A4D}.Debug|Any CPU.ActiveCfg = Debug|Any CPU
		{292A53B0-335E-4A78-8AED-C80B05944A4D}.Debug|Any CPU.Build.0 = Debug|Any CPU
		{292A53B0-335E-4A78-8AED-C80B05944A4D}.Release|Any CPU.ActiveCfg = Release|Any CPU
		{292A53B0-335E-4A78-8AED-C80B05944A4D}.Release|Any CPU.Build.0 = Release|Any CPU
	EndGlobalSection
	GlobalSection(SolutionProperties) = preSolution
		HideSolutionNode = FALSE
	EndGlobalSection
EndGlobal
